
Microsoft Visual Studio Solution File, Format Version 12.00
# Visual Studio Version 17
VisualStudioVersion = 17.0.31903.59
MinimumVisualStudioVersion = 10.0.40219.1
Project("{FAE04EC0-301F-11D3-BF4B-00C04F79EFBC}") = "Api", "Api\Api.csproj", "{46B0191D-D1B8-4D74-9099-DB1FAA8C72FC}"
EndProject
Project("{2150E333-8FDC-42A3-9474-1A3956D46DE8}") = "Solution Items", "Solution Items", "{F8B31124-FEC0-498C-97FC-729F1C7A1722}"
	ProjectSection(SolutionItems) = preProject
		.gitignore = .gitignore
		Server\Dockerfile = Server\Dockerfile
		docker-compose.yml = docker-compose.yml
		Makefile = Makefile
	EndProjectSection
EndProject
Project("{2150E333-8FDC-42A3-9474-1A3956D46DE8}") = "Tests", "Tests", "{CB162BBB-3EF2-415B-8677-DB6BF3273B8C}"
EndProject
Project("{FAE04EC0-301F-11D3-BF4B-00C04F79EFBC}") = "Server.IntegrationTests", "Tests\Server.IntegrationTests\Server.IntegrationTests.csproj", "{4D3F8F4E-5895-42B2-A259-B4D0CF2AE43F}"
EndProject
Project("{FAE04EC0-301F-11D3-BF4B-00C04F79EFBC}") = "Server.Tests", "Tests\Server.Tests\Server.Tests.csproj", "{8CF8F0CA-A300-4521-8C90-5D3E73C774F5}"
EndProject
Global
	GlobalSection(SolutionConfigurationPlatforms) = preSolution
		Debug|Any CPU = Debug|Any CPU
		Release|Any CPU = Release|Any CPU
	EndGlobalSection
	GlobalSection(SolutionProperties) = preSolution
		HideSolutionNode = FALSE
	EndGlobalSection
	GlobalSection(ProjectConfigurationPlatforms) = postSolution
		{46B0191D-D1B8-4D74-9099-DB1FAA8C72FC}.Debug|Any CPU.ActiveCfg = Debug|Any CPU
		{46B0191D-D1B8-4D74-9099-DB1FAA8C72FC}.Debug|Any CPU.Build.0 = Debug|Any CPU
		{46B0191D-D1B8-4D74-9099-DB1FAA8C72FC}.Release|Any CPU.ActiveCfg = Release|Any CPU
		{46B0191D-D1B8-4D74-9099-DB1FAA8C72FC}.Release|Any CPU.Build.0 = Release|Any CPU
		{4D3F8F4E-5895-42B2-A259-B4D0CF2AE43F}.Debug|Any CPU.ActiveCfg = Debug|Any CPU
		{4D3F8F4E-5895-42B2-A259-B4D0CF2AE43F}.Debug|Any CPU.Build.0 = Debug|Any CPU
		{4D3F8F4E-5895-42B2-A259-B4D0CF2AE43F}.Release|Any CPU.ActiveCfg = Release|Any CPU
		{4D3F8F4E-5895-42B2-A259-B4D0CF2AE43F}.Release|Any CPU.Build.0 = Release|Any CPU
		{8CF8F0CA-A300-4521-8C90-5D3E73C774F5}.Debug|Any CPU.ActiveCfg = Debug|Any CPU
		{8CF8F0CA-A300-4521-8C90-5D3E73C774F5}.Debug|Any CPU.Build.0 = Debug|Any CPU
		{8CF8F0CA-A300-4521-8C90-5D3E73C774F5}.Release|Any CPU.ActiveCfg = Release|Any CPU
		{8CF8F0CA-A300-4521-8C90-5D3E73C774F5}.Release|Any CPU.Build.0 = Release|Any CPU
	EndGlobalSection
	GlobalSection(NestedProjects) = preSolution
		{4D3F8F4E-5895-42B2-A259-B4D0CF2AE43F} = {CB162BBB-3EF2-415B-8677-DB6BF3273B8C}
		{8CF8F0CA-A300-4521-8C90-5D3E73C774F5} = {CB162BBB-3EF2-415B-8677-DB6BF3273B8C}
	EndGlobalSection
EndGlobal
